github.com/elnormous/contenttype v1.0.4 h1:FjmVNkvQOGqSX70yvocph7keC8DtmJaLzTTq6ZOQCI8=
github.com/elnormous/contenttype v1.0.4/go.mod h1:5KTOW8m1kdX1dLMiUJeN9szzR2xkngiv2K+RVZwWBbI=
golang.org/x/sys v0.18.0 h1:DBdB3niSjOA/O0blCZBqDefyWNYveAYMNF1Wum0DYQ4=
golang.org/x/sys v0.18.0/go.mod h1:/VUhepiaJMQUp4+oa/7Zr1D23ma6VTLIYjOOTFZPUcA=
gopkg.in/fsnotify.v1 v1.4.7 h1:xOHLXZwVvI9hhs+cLKq5+I5onOuwQLhQwiu63xxlHs4=
gopkg.in/fsnotify.v1 v1.4.7/go.mod h1:Tz8NjZHkW78fSQdbUxIjBTcgA1z1m8ZHf0WmKUhAMys=
tractor.dev/toolkit-go v0.0.0-20240304053737-324323efde45 h1:oqj8N5C0kA8xESdsOfpWBeg1UJM6Fvp/SOtCpGuXnJE=
tractor.dev/toolkit-go v0.0.0-20240304053737-324323efde45/go.mod h1:gteH4mWzJV+Y5zk6/Q6rPuWeOCFHnr55XPTgYEHuzUo=
