github.com/elnormous/contenttype v1.0.4 h1:FjmVNkvQOGqSX70yvocph7keC8DtmJaLzTTq6ZOQCI8=
github.com/elnormous/contenttype v1.0.4/go.mod h1:5KTOW8m1kdX1dLMiUJeN9szzR2xkngiv2K+RVZwWBbI=
github.com/go-gst/go-glib v1.1.0 h1:XTGhwk2BWYjW/UZ08y7ojf3iPPRiYtXL0W6vJkXNKFc=
github.com/go-gst/go-glib v1.1.0/go.mod h1:JybIYeoHNwCkHGaBf1fHNIaM4sQTrJPkPLsi7dmPNOU=
github.com/go-gst/go-gst v1.1.0 h1:HSQyvJld2kNgiyVC8CJ0N1PEvR/b0Ld6nkkzZLljuzk=
github.com/go-gst/go-gst v1.1.0/go.mod h1:izJ4GCBNWAv5W4mudSvvmDZhm98xvbCxH0GeK5A5VE8=
github.com/mattn/go-pointer v0.0.1 h1:n+XhsuGeVO6MEAp7xyEukFINEa+Quek5psIR/ylA6o0=
github.com/mattn/go-pointer v0.0.1/go.mod h1:2zXcozF6qYGgmsG+SeTZz3oAbFLdD3OWqnUbNvJZAlc=
github.com/puzpuzpuz/xsync/v3 v3.4.0 h1:DuVBAdXuGFHv8adVXjWWZ63pJq+NRXOWVXlKDBZ+mJ4=
github.com/puzpuzpuz/xsync/v3 v3.4.0/go.mod h1:VjzYrABPabuM4KyBh1Ftq6u8nhwY5tBPKP9jpmh0nnA=
golang.org/x/exp v0.0.0-20240416160154-fe59bbe5cc7f h1:99ci1mjWVBWwJiEKYY6jWa4d2nTQVIEhZIptnrVb1XY=
golang.org/x/exp v0.0.0-20240416160154-fe59bbe5cc7f/go.mod h1:/lliqkxwWAhPjf5oSOIJup2XcqJaw8RGS6k3TGEc7GI=
golang.org/x/net v0.34.0 h1:Mb7Mrk043xzHgnRM88suvJFwzVrRfHEHJEl5/71CKw0=
golang.org/x/sync v0.10.0 h1:3NQrjDixjgGwUOCaF8w2+VYHv0Ve/vGYSbdkTa98gmQ=
golang.org/x/text v0.21.0 h1:zyQAAkrwaneQ066sspRyJaG9VNi/YJ1NfzcGB3hZ/qo=
tractor.dev/toolkit-go v0.0.0-20250103001615-9a6753936c19 h1:ODcU8zhYvUtfGJ3KeMhtlA942ScAQMT3KU0O1oBg8Sw=
