github.com/ajbouh/go-vscode v0.0.0-20241122204707-cca2b7c42e19 h1:OBCiI4c+Q5WBKcIEyyUO9G70zqwTKWw5dSTmRsGyv0c=
github.com/ajbouh/go-vscode v0.0.0-20241122204707-cca2b7c42e19/go.mod h1:RUFqjLZxvZ2AgOTat2s73HcVbP45ieRYPSS3KNd4i5A=
github.com/elnormous/contenttype v1.0.4 h1:FjmVNkvQOGqSX70yvocph7keC8DtmJaLzTTq6ZOQCI8=
github.com/elnormous/contenttype v1.0.4/go.mod h1:5KTOW8m1kdX1dLMiUJeN9szzR2xkngiv2K+RVZwWBbI=
github.com/fxamacker/cbor/v2 v2.7.0 h1:iM5WgngdRBanHcxugY4JySA0nk1wZorNOpTgCMedv5E=
github.com/fxamacker/cbor/v2 v2.7.0/go.mod h1:pxXPTn3joSm21Gbwsv0w9OSA2y1HFR9qXEeXQVeNoDQ=
github.com/mitchellh/mapstructure v1.5.0 h1:jeMsZIYE/09sWLaz43PL7Gy6RuMjD2eJVyuac5Z2hdY=
github.com/mitchellh/mapstructure v1.5.0/go.mod h1:bFUtVrKA4DC2yAKiSyO/QUcy7e+RRV2QTWOzhPopBRo=
github.com/puzpuzpuz/xsync/v3 v3.4.0 h1:DuVBAdXuGFHv8adVXjWWZ63pJq+NRXOWVXlKDBZ+mJ4=
github.com/puzpuzpuz/xsync/v3 v3.4.0/go.mod h1:VjzYrABPabuM4KyBh1Ftq6u8nhwY5tBPKP9jpmh0nnA=
github.com/x448/float16 v0.8.4 h1:qLwI1I70+NjRFUR3zs1JPUCgaCXSh3SW62uAKT1mSBM=
github.com/x448/float16 v0.8.4/go.mod h1:14CWIYCyZA/cWjXOioeEpHeN/83MdbZDRQHoFcYsOfg=
golang.org/x/net v0.29.0 h1:5ORfpBpCs4HzDYoodCDBbwHzdR5UrLBZ3sOnUJmFoHo=
golang.org/x/net v0.29.0/go.mod h1:gLkgy8jTGERgjzMic6DS9+SP0ajcu6Xu3Orq/SpETg0=
golang.org/x/sync v0.8.0 h1:3NFvSEYkUoMifnESzZl15y791HH1qU2xm6eCJU5ZPXQ=
golang.org/x/sync v0.8.0/go.mod h1:Czt+wKu1gCyEFDUtn0jG5QVvpJ6rzVqr5aXyt9drQfk=
golang.org/x/text v0.18.0 h1:XvMDiNzPAl0jr17s6W9lcaIhGUfUORdGCNsuLmPG224=
golang.org/x/text v0.18.0/go.mod h1:BuEKDfySbSR4drPmRPG/7iBdf8hvFMuRexcpahXilzY=
tractor.dev/toolkit-go v0.0.0-20240916212610-32b5098759db h1:RIjPaWwKoSJRRTjC2Tgci1P2eCPWITCvll2DeTY7AkA=
tractor.dev/toolkit-go v0.0.0-20240916212610-32b5098759db/go.mod h1:vI9Jf9tepHLrUqGQf7XZuRcQySNajWRKBjPD4+Ay72I=
